
Microsoft Visual Studio Solution File, Format Version 12.00
# Visual Studio Version 17
VisualStudioVersion = 17.9.34622.214
MinimumVisualStudioVersion = 10.0.40219.1
Project("{FAE04EC0-301F-11D3-BF4B-00C04F79EFBC}") = "ZoningByLaw", "ZoningByLaw.csproj", "{7DD517F6-C379-4123-ABEC-834040F21712}"
EndProject
Global
	GlobalSection(SolutionConfigurationPlatforms) = preSolution
		Debug|Any CPU = Debug|Any CPU
		Release|Any CPU = Release|Any CPU
	EndGlobalSection
	GlobalSection(ProjectConfigurationPlatforms) = postSolution
		{7DD517F6-C379-4123-ABEC-834040F21712}.Debug|Any CPU.ActiveCfg = Debug|Any CPU
		{7DD517F6-C379-4123-ABEC-834040F21712}.Debug|Any CPU.Build.0 = Debug|Any CPU
		{7DD517F6-C379-4123-ABEC-834040F21712}.Release|Any CPU.ActiveCfg = Release|Any CPU
		{7DD517F6-C379-4123-ABEC-834040F21712}.Release|Any CPU.Build.0 = Release|Any CPU
	EndGlobalSection
	GlobalSection(SolutionProperties) = preSolution
		HideSolutionNode = FALSE
	EndGlobalSection
	GlobalSection(ExtensibilityGlobals) = postSolution
		SolutionGuid = {036E208E-1966-4236-8274-184E6F24EC8A}
	EndGlobalSection
EndGlobal
